
Microsoft Visual Studio Solution File, Format Version 12.00
# Visual Studio Version 17
VisualStudioVersion = 17.11.35312.102
MinimumVisualStudioVersion = 10.0.40219.1
Project("{FAE04EC0-301F-11D3-BF4B-00C04F79EFBC}") = "Patika Kütüphane", "Patika Kütüphane\Patika Kütüphane.csproj", "{2D309836-87F4-499A-83F0-E06821E19D22}"
EndProject
Global
	GlobalSection(SolutionConfigurationPlatforms) = preSolution
		Debug|Any CPU = Debug|Any CPU
		Release|Any CPU = Release|Any CPU
	EndGlobalSection
	GlobalSection(ProjectConfigurationPlatforms) = postSolution
		{2D309836-87F4-499A-83F0-E06821E19D22}.Debug|Any CPU.ActiveCfg = Debug|Any CPU
		{2D309836-87F4-499A-83F0-E06821E19D22}.Debug|Any CPU.Build.0 = Debug|Any CPU
		{2D309836-87F4-499A-83F0-E06821E19D22}.Release|Any CPU.ActiveCfg = Release|Any CPU
		{2D309836-87F4-499A-83F0-E06821E19D22}.Release|Any CPU.Build.0 = Release|Any CPU
	EndGlobalSection
	GlobalSection(SolutionProperties) = preSolution
		HideSolutionNode = FALSE
	EndGlobalSection
	GlobalSection(ExtensibilityGlobals) = postSolution
		SolutionGuid = {7802A2FA-8898-4B84-8702-1D627C0064FF}
	EndGlobalSection
EndGlobal
